
Microsoft Visual Studio Solution File, Format Version 12.00
# Visual Studio Version 16
VisualStudioVersion = 16.0.31025.194
MinimumVisualStudioVersion = 10.0.40219.1
Project("{FAE04EC0-301F-11D3-BF4B-00C04F79EFBC}") = "Me.NET.Server", "Me.NET\Server\Me.NET.Server.csproj", "{023FB6A6-7F38-4AE7-8611-DE8DF2C527F6}"
EndProject
Project("{FAE04EC0-301F-11D3-BF4B-00C04F79EFBC}") = "Me.NET.Client", "Me.NET\Client\Me.NET.Client.csproj", "{5D6F6594-415C-4219-B125-E397633197F0}"
EndProject
Project("{FAE04EC0-301F-11D3-BF4B-00C04F79EFBC}") = "Me.NET.Shared", "Me.NET\Shared\Me.NET.Shared.csproj", "{2C066F26-157D-4B1A-BB0F-9F9A5BC51CFF}"
EndProject
Global
	GlobalSection(SolutionConfigurationPlatforms) = preSolution
		Debug|Any CPU = Debug|Any CPU
		Release|Any CPU = Release|Any CPU
	EndGlobalSection
	GlobalSection(ProjectConfigurationPlatforms) = postSolution
		{023FB6A6-7F38-4AE7-8611-DE8DF2C527F6}.Debug|Any CPU.ActiveCfg = Debug|Any CPU
		{023FB6A6-7F38-4AE7-8611-DE8DF2C527F6}.Debug|Any CPU.Build.0 = Debug|Any CPU
		{023FB6A6-7F38-4AE7-8611-DE8DF2C527F6}.Release|Any CPU.ActiveCfg = Release|Any CPU
		{023FB6A6-7F38-4AE7-8611-DE8DF2C527F6}.Release|Any CPU.Build.0 = Release|Any CPU
		{5D6F6594-415C-4219-B125-E397633197F0}.Debug|Any CPU.ActiveCfg = Debug|Any CPU
		{5D6F6594-415C-4219-B125-E397633197F0}.Debug|Any CPU.Build.0 = Debug|Any CPU
		{5D6F6594-415C-4219-B125-E397633197F0}.Release|Any CPU.ActiveCfg = Release|Any CPU
		{5D6F6594-415C-4219-B125-E397633197F0}.Release|Any CPU.Build.0 = Release|Any CPU
		{2C066F26-157D-4B1A-BB0F-9F9A5BC51CFF}.Debug|Any CPU.ActiveCfg = Debug|Any CPU
		{2C066F26-157D-4B1A-BB0F-9F9A5BC51CFF}.Debug|Any CPU.Build.0 = Debug|Any CPU
		{2C066F26-157D-4B1A-BB0F-9F9A5BC51CFF}.Release|Any CPU.ActiveCfg = Release|Any CPU
		{2C066F26-157D-4B1A-BB0F-9F9A5BC51CFF}.Release|Any CPU.Build.0 = Release|Any CPU
	EndGlobalSection
	GlobalSection(SolutionProperties) = preSolution
		HideSolutionNode = FALSE
	EndGlobalSection
	GlobalSection(ExtensibilityGlobals) = postSolution
		SolutionGuid = {72B58A98-22EF-4BB8-91E2-D414AB0C36EA}
	EndGlobalSection
EndGlobal
